
Microsoft Visual Studio Solution File, Format Version 12.00
# Visual Studio Version 17
VisualStudioVersion = 17.5.33627.172
MinimumVisualStudioVersion = 10.0.40219.1
Project("{2150E333-8FDC-42A3-9474-1A3956D46DE8}") = "Learn 00100", "Learn 00100", "{7EF672CD-473D-425B-88B6-4C5691E4198D}"
EndProject
Project("{9A19103F-16F7-4668-BE54-9A1E7A4F7556}") = "Application", "Learn00100\Application\Application.csproj", "{51BA6C4A-5E2F-4715-8532-727B8253772C}"
EndProject
Project("{2150E333-8FDC-42A3-9474-1A3956D46DE8}") = "Learn 00200", "Learn 00200", "{D1D1E4ED-2A6F-48BD-9E24-C01A86471E6B}"
EndProject
Project("{9A19103F-16F7-4668-BE54-9A1E7A4F7556}") = "Application", "Learn00200\Application\Application.csproj", "{6464F61E-C8B2-4B2E-8BB1-69102404D072}"
EndProject
Project("{2150E333-8FDC-42A3-9474-1A3956D46DE8}") = "Learn 00300", "Learn 00300", "{E1D95264-90B2-4512-82C1-671C18D4545A}"
EndProject
Project("{9A19103F-16F7-4668-BE54-9A1E7A4F7556}") = "Application", "Learn00300\Application\Application.csproj", "{5FD21A6D-9369-4492-B131-ADCFB304A7B8}"
EndProject
Project("{2150E333-8FDC-42A3-9474-1A3956D46DE8}") = "Learn 00400", "Learn 00400", "{8F63AFAE-4761-49FF-86CF-1A7547B14E7D}"
EndProject
Project("{9A19103F-16F7-4668-BE54-9A1E7A4F7556}") = "Application", "Learn00400\Application\Application.csproj", "{159AB088-7C4C-44DB-97F5-199E9345E380}"
EndProject
Project("{2150E333-8FDC-42A3-9474-1A3956D46DE8}") = "Learn 00500", "Learn 00500", "{1A046518-A675-488C-A619-D7627137A309}"
EndProject
Project("{9A19103F-16F7-4668-BE54-9A1E7A4F7556}") = "Application", "Learn00500\Application\Application.csproj", "{56EED680-9C0D-461D-88BD-6203F7A80396}"
EndProject
Project("{2150E333-8FDC-42A3-9474-1A3956D46DE8}") = "Learn 00600", "Learn 00600", "{6A13304F-D2D8-429B-9057-B1520587CC8A}"
EndProject
Project("{9A19103F-16F7-4668-BE54-9A1E7A4F7556}") = "Application", "Learn00600\Application\Application.csproj", "{636A6B6E-5591-4C59-B98E-E22E7C08CBED}"
EndProject
Project("{2150E333-8FDC-42A3-9474-1A3956D46DE8}") = "Learn 00700", "Learn 00700", "{E25279AD-2734-4C97-A351-9216AF409103}"
EndProject
Project("{9A19103F-16F7-4668-BE54-9A1E7A4F7556}") = "Application", "Learn00700\Application\Application.csproj", "{2A7C9897-0000-4A26-8F7E-670A0A7F4C45}"
EndProject
Project("{2150E333-8FDC-42A3-9474-1A3956D46DE8}") = "Learn 00800", "Learn 00800", "{96BC88C1-FB63-4D2B-853A-84A0D6D5FF91}"
EndProject
Project("{9A19103F-16F7-4668-BE54-9A1E7A4F7556}") = "Application", "Learn00800\Application\Application.csproj", "{9A3BC209-D4AF-4BC1-8BC6-86BF1EDF416C}"
EndProject
Project("{2150E333-8FDC-42A3-9474-1A3956D46DE8}") = "Learn 03000", "Learn 03000", "{0B507B87-9769-4A70-B30E-094ABDE7EE67}"
EndProject
Project("{9A19103F-16F7-4668-BE54-9A1E7A4F7556}") = "Application", "Learn03000\Application\Application.csproj", "{2281081A-CEE6-4925-878B-774345AB048F}"
EndProject
Project("{2150E333-8FDC-42A3-9474-1A3956D46DE8}") = "Learn 00900", "Learn 00900", "{859566C1-DFEE-4645-94F7-015A16ED2716}"
EndProject
Project("{9A19103F-16F7-4668-BE54-9A1E7A4F7556}") = "Application", "Learn00900\Application\Application.csproj", "{DAE057B7-07D8-4FB6-9665-0E79B6BE9995}"
EndProject
Project("{2150E333-8FDC-42A3-9474-1A3956D46DE8}") = "Learn 01000", "Learn 01000", "{875E3A30-0043-4731-8D1C-53AF7738E0AF}"
EndProject
Project("{9A19103F-16F7-4668-BE54-9A1E7A4F7556}") = "Application", "Learn01000\Application\Application.csproj", "{B1312028-561E-4F04-A624-E434E73ECC26}"
EndProject
Project("{2150E333-8FDC-42A3-9474-1A3956D46DE8}") = "Learn 01100", "Learn 01100", "{7EF23286-A3A4-46CD-A278-11E63026E0E7}"
EndProject
Project("{9A19103F-16F7-4668-BE54-9A1E7A4F7556}") = "Application", "Learn01100\Application\Application.csproj", "{B73D91C7-E116-42FB-888C-DD0C7DBD8970}"
EndProject
Global
	GlobalSection(SolutionConfigurationPlatforms) = preSolution
		Debug|Any CPU = Debug|Any CPU
		Release|Any CPU = Release|Any CPU
	EndGlobalSection
	GlobalSection(ProjectConfigurationPlatforms) = postSolution
		{51BA6C4A-5E2F-4715-8532-727B8253772C}.Debug|Any CPU.ActiveCfg = Debug|Any CPU
		{51BA6C4A-5E2F-4715-8532-727B8253772C}.Debug|Any CPU.Build.0 = Debug|Any CPU
		{51BA6C4A-5E2F-4715-8532-727B8253772C}.Release|Any CPU.ActiveCfg = Release|Any CPU
		{51BA6C4A-5E2F-4715-8532-727B8253772C}.Release|Any CPU.Build.0 = Release|Any CPU
		{6464F61E-C8B2-4B2E-8BB1-69102404D072}.Debug|Any CPU.ActiveCfg = Debug|Any CPU
		{6464F61E-C8B2-4B2E-8BB1-69102404D072}.Debug|Any CPU.Build.0 = Debug|Any CPU
		{6464F61E-C8B2-4B2E-8BB1-69102404D072}.Release|Any CPU.ActiveCfg = Release|Any CPU
		{6464F61E-C8B2-4B2E-8BB1-69102404D072}.Release|Any CPU.Build.0 = Release|Any CPU
		{5FD21A6D-9369-4492-B131-ADCFB304A7B8}.Debug|Any CPU.ActiveCfg = Debug|Any CPU
		{5FD21A6D-9369-4492-B131-ADCFB304A7B8}.Debug|Any CPU.Build.0 = Debug|Any CPU
		{5FD21A6D-9369-4492-B131-ADCFB304A7B8}.Release|Any CPU.ActiveCfg = Release|Any CPU
		{5FD21A6D-9369-4492-B131-ADCFB304A7B8}.Release|Any CPU.Build.0 = Release|Any CPU
		{159AB088-7C4C-44DB-97F5-199E9345E380}.Debug|Any CPU.ActiveCfg = Debug|Any CPU
		{159AB088-7C4C-44DB-97F5-199E9345E380}.Debug|Any CPU.Build.0 = Debug|Any CPU
		{159AB088-7C4C-44DB-97F5-199E9345E380}.Release|Any CPU.ActiveCfg = Release|Any CPU
		{159AB088-7C4C-44DB-97F5-199E9345E380}.Release|Any CPU.Build.0 = Release|Any CPU
		{56EED680-9C0D-461D-88BD-6203F7A80396}.Debug|Any CPU.ActiveCfg = Debug|Any CPU
		{56EED680-9C0D-461D-88BD-6203F7A80396}.Debug|Any CPU.Build.0 = Debug|Any CPU
		{56EED680-9C0D-461D-88BD-6203F7A80396}.Release|Any CPU.ActiveCfg = Release|Any CPU
		{56EED680-9C0D-461D-88BD-6203F7A80396}.Release|Any CPU.Build.0 = Release|Any CPU
		{636A6B6E-5591-4C59-B98E-E22E7C08CBED}.Debug|Any CPU.ActiveCfg = Debug|Any CPU
		{636A6B6E-5591-4C59-B98E-E22E7C08CBED}.Debug|Any CPU.Build.0 = Debug|Any CPU
		{636A6B6E-5591-4C59-B98E-E22E7C08CBED}.Release|Any CPU.ActiveCfg = Release|Any CPU
		{636A6B6E-5591-4C59-B98E-E22E7C08CBED}.Release|Any CPU.Build.0 = Release|Any CPU
		{2A7C9897-0000-4A26-8F7E-670A0A7F4C45}.Debug|Any CPU.ActiveCfg = Debug|Any CPU
		{2A7C9897-0000-4A26-8F7E-670A0A7F4C45}.Debug|Any CPU.Build.0 = Debug|Any CPU
		{2A7C9897-0000-4A26-8F7E-670A0A7F4C45}.Release|Any CPU.ActiveCfg = Release|Any CPU
		{2A7C9897-0000-4A26-8F7E-670A0A7F4C45}.Release|Any CPU.Build.0 = Release|Any CPU
		{9A3BC209-D4AF-4BC1-8BC6-86BF1EDF416C}.Debug|Any CPU.ActiveCfg = Debug|Any CPU
		{9A3BC209-D4AF-4BC1-8BC6-86BF1EDF416C}.Debug|Any CPU.Build.0 = Debug|Any CPU
		{9A3BC209-D4AF-4BC1-8BC6-86BF1EDF416C}.Release|Any CPU.ActiveCfg = Release|Any CPU
		{9A3BC209-D4AF-4BC1-8BC6-86BF1EDF416C}.Release|Any CPU.Build.0 = Release|Any CPU
		{2281081A-CEE6-4925-878B-774345AB048F}.Debug|Any CPU.ActiveCfg = Debug|Any CPU
		{2281081A-CEE6-4925-878B-774345AB048F}.Debug|Any CPU.Build.0 = Debug|Any CPU
		{2281081A-CEE6-4925-878B-774345AB048F}.Release|Any CPU.ActiveCfg = Release|Any CPU
		{2281081A-CEE6-4925-878B-774345AB048F}.Release|Any CPU.Build.0 = Release|Any CPU
		{DAE057B7-07D8-4FB6-9665-0E79B6BE9995}.Debug|Any CPU.ActiveCfg = Debug|Any CPU
		{DAE057B7-07D8-4FB6-9665-0E79B6BE9995}.Debug|Any CPU.Build.0 = Debug|Any CPU
		{DAE057B7-07D8-4FB6-9665-0E79B6BE9995}.Release|Any CPU.ActiveCfg = Release|Any CPU
		{DAE057B7-07D8-4FB6-9665-0E79B6BE9995}.Release|Any CPU.Build.0 = Release|Any CPU
		{B1312028-561E-4F04-A624-E434E73ECC26}.Debug|Any CPU.ActiveCfg = Debug|Any CPU
		{B1312028-561E-4F04-A624-E434E73ECC26}.Debug|Any CPU.Build.0 = Debug|Any CPU
		{B1312028-561E-4F04-A624-E434E73ECC26}.Release|Any CPU.ActiveCfg = Release|Any CPU
		{B1312028-561E-4F04-A624-E434E73ECC26}.Release|Any CPU.Build.0 = Release|Any CPU
		{B73D91C7-E116-42FB-888C-DD0C7DBD8970}.Debug|Any CPU.ActiveCfg = Debug|Any CPU
		{B73D91C7-E116-42FB-888C-DD0C7DBD8970}.Debug|Any CPU.Build.0 = Debug|Any CPU
		{B73D91C7-E116-42FB-888C-DD0C7DBD8970}.Release|Any CPU.ActiveCfg = Release|Any CPU
		{B73D91C7-E116-42FB-888C-DD0C7DBD8970}.Release|Any CPU.Build.0 = Release|Any CPU
	EndGlobalSection
	GlobalSection(SolutionProperties) = preSolution
		HideSolutionNode = FALSE
	EndGlobalSection
	GlobalSection(NestedProjects) = preSolution
		{51BA6C4A-5E2F-4715-8532-727B8253772C} = {7EF672CD-473D-425B-88B6-4C5691E4198D}
		{6464F61E-C8B2-4B2E-8BB1-69102404D072} = {D1D1E4ED-2A6F-48BD-9E24-C01A86471E6B}
		{5FD21A6D-9369-4492-B131-ADCFB304A7B8} = {E1D95264-90B2-4512-82C1-671C18D4545A}
		{159AB088-7C4C-44DB-97F5-199E9345E380} = {8F63AFAE-4761-49FF-86CF-1A7547B14E7D}
		{56EED680-9C0D-461D-88BD-6203F7A80396} = {1A046518-A675-488C-A619-D7627137A309}
		{636A6B6E-5591-4C59-B98E-E22E7C08CBED} = {6A13304F-D2D8-429B-9057-B1520587CC8A}
		{2A7C9897-0000-4A26-8F7E-670A0A7F4C45} = {E25279AD-2734-4C97-A351-9216AF409103}
		{9A3BC209-D4AF-4BC1-8BC6-86BF1EDF416C} = {96BC88C1-FB63-4D2B-853A-84A0D6D5FF91}
		{2281081A-CEE6-4925-878B-774345AB048F} = {0B507B87-9769-4A70-B30E-094ABDE7EE67}
		{DAE057B7-07D8-4FB6-9665-0E79B6BE9995} = {859566C1-DFEE-4645-94F7-015A16ED2716}
		{B1312028-561E-4F04-A624-E434E73ECC26} = {875E3A30-0043-4731-8D1C-53AF7738E0AF}
		{B73D91C7-E116-42FB-888C-DD0C7DBD8970} = {7EF23286-A3A4-46CD-A278-11E63026E0E7}
	EndGlobalSection
	GlobalSection(ExtensibilityGlobals) = postSolution
		SolutionGuid = {2C74D07B-E5D5-4DD6-90AC-43CD99258AC1}
	EndGlobalSection
EndGlobal
